// !$*UTF8*$!
{
	archiveVersion = 1;
	classes = {
	};
	objectVersion = 56;
	objects = {

/* Begin PBXBuildFile section */
		0098D3411B146017F62A8584 /* CombineExt in Frameworks */ = {isa = PBXBuildFile; productRef = A747BB74A451470813FC1DFF /* CombineExt */; };
		0FE5F2B45D8D413CAEBC6B4E /* AppDelegateEvent.swift in Sources */ = {isa = PBXBuildFile; fileRef = E72669FB97E6F973086926C4 /* AppDelegateEvent.swift */; };
		2083CAA8051C94F016AB826C /* Depin in Frameworks */ = {isa = PBXBuildFile; productRef = 49048122C75831C0293B3F9E /* Depin */; };
		2CFF6BA7D248D900FB21C0B2 /* AppDelegate.swift in Sources */ = {isa = PBXBuildFile; fileRef = FB6B4786525FF893566316C4 /* AppDelegate.swift */; };
		44169CAFDF87E7A69B7974AD /* AppLoggers.swift in Sources */ = {isa = PBXBuildFile; fileRef = 2FA7F82C635C5846A645C0A4 /* AppLoggers.swift */; };
		457D4557D395AA07E5F49F85 /* AppInfoProvider.swift in Sources */ = {isa = PBXBuildFile; fileRef = 93AB1507E83691FA985ED312 /* AppInfoProvider.swift */; };
		4A6E33C20967C64C2073F7C5 /* AppCoordinator.swift in Sources */ = {isa = PBXBuildFile; fileRef = 63F1EEA2B304101425BA14D9 /* AppCoordinator.swift */; };
		5E45E17FFD4FCB64017871D4 /* UIKitExt in Frameworks */ = {isa = PBXBuildFile; productRef = D55FA9E07D4735F6BC691863 /* UIKitExt */; };
		5FCC1A18A151DCB95E76226D /* LaunchScreen.storyboard in Resources */ = {isa = PBXBuildFile; fileRef = AC072E63425E8C3ADF7A29B3 /* LaunchScreen.storyboard */; };
		6189F13F5EFF3D063AB3599D /* EventKit in Frameworks */ = {isa = PBXBuildFile; productRef = 0212004481977D3B2767FDA7 /* EventKit */; };
		658C17D6882163A011326DCF /* AppWindow.swift in Sources */ = {isa = PBXBuildFile; fileRef = F3D79B63D9F30195647A1ACE /* AppWindow.swift */; };
		6598B01F923C944FB4F69F30 /* AppEnvironment.swift in Sources */ = {isa = PBXBuildFile; fileRef = 69AF2611997A925E80B465D7 /* AppEnvironment.swift */; };
		6CF0277D626FCF0BF1BAFD41 /* XCoordinator in Frameworks */ = {isa = PBXBuildFile; productRef = F8B7E5A90C1147E614001C75 /* XCoordinator */; };
		777D5B0B2DD3C54E00AA5601 /* SplashRouter.swift in Sources */ = {isa = PBXBuildFile; fileRef = 777D5B072DD3C54E00AA5601 /* SplashRouter.swift */; };
		777D5B0C2DD3C54E00AA5601 /* SplashViewModel.swift in Sources */ = {isa = PBXBuildFile; fileRef = 777D5B092DD3C54E00AA5601 /* SplashViewModel.swift */; };
		777D5B0D2DD3C54E00AA5601 /* SplashModule.swift in Sources */ = {isa = PBXBuildFile; fileRef = 777D5B062DD3C54E00AA5601 /* SplashModule.swift */; };
		777D5B0E2DD3C54E00AA5601 /* SplashView.swift in Sources */ = {isa = PBXBuildFile; fileRef = 777D5B082DD3C54E00AA5601 /* SplashView.swift */; };
		777D5B142DD3C75100AA5601 /* OnboardingView.swift in Sources */ = {isa = PBXBuildFile; fileRef = 777D5B112DD3C75100AA5601 /* OnboardingView.swift */; };
		777D5B152DD3C75100AA5601 /* OnboardingRouter.swift in Sources */ = {isa = PBXBuildFile; fileRef = 777D5B102DD3C75100AA5601 /* OnboardingRouter.swift */; };
		777D5B162DD3C75100AA5601 /* OnboardingModule.swift in Sources */ = {isa = PBXBuildFile; fileRef = 777D5B0F2DD3C75100AA5601 /* OnboardingModule.swift */; };
		777D5B172DD3C75100AA5601 /* OnboardingViewModel.swift in Sources */ = {isa = PBXBuildFile; fileRef = 777D5B122DD3C75100AA5601 /* OnboardingViewModel.swift */; };
		777D5B1B2DD3C7EF00AA5601 /* XCoordinator.Animation+Extension.swift in Sources */ = {isa = PBXBuildFile; fileRef = 777D5B1A2DD3C7EF00AA5601 /* XCoordinator.Animation+Extension.swift */; };
		777D5B212DD3C88E00AA5601 /* PaywallModule.swift in Sources */ = {isa = PBXBuildFile; fileRef = 777D5B1C2DD3C88E00AA5601 /* PaywallModule.swift */; };
		777D5B222DD3C88E00AA5601 /* PaywallView.swift in Sources */ = {isa = PBXBuildFile; fileRef = 777D5B1E2DD3C88E00AA5601 /* PaywallView.swift */; };
		777D5B232DD3C88E00AA5601 /* PaywallViewModel.swift in Sources */ = {isa = PBXBuildFile; fileRef = 777D5B1F2DD3C88E00AA5601 /* PaywallViewModel.swift */; };
		777D5B242DD3C88E00AA5601 /* PaywallRouter.swift in Sources */ = {isa = PBXBuildFile; fileRef = 777D5B1D2DD3C88E00AA5601 /* PaywallRouter.swift */; };
		777D5B262DD3C94900AA5601 /* XCoordinator.Transition+Extension.swift in Sources */ = {isa = PBXBuildFile; fileRef = 777D5B252DD3C94900AA5601 /* XCoordinator.Transition+Extension.swift */; };
		777D5B2C2DD3CADF00AA5601 /* MainViewModel.swift in Sources */ = {isa = PBXBuildFile; fileRef = 777D5B2A2DD3CADF00AA5601 /* MainViewModel.swift */; };
		777D5B2D2DD3CADF00AA5601 /* MainRouter.swift in Sources */ = {isa = PBXBuildFile; fileRef = 777D5B282DD3CADF00AA5601 /* MainRouter.swift */; };
		777D5B2E2DD3CADF00AA5601 /* MainView.swift in Sources */ = {isa = PBXBuildFile; fileRef = 777D5B292DD3CADF00AA5601 /* MainView.swift */; };
		777D5B2F2DD3CADF00AA5601 /* MainModule.swift in Sources */ = {isa = PBXBuildFile; fileRef = 777D5B272DD3CADF00AA5601 /* MainModule.swift */; };
		79F906549F1FD8FAE293DAED /* Module.swift in Sources */ = {isa = PBXBuildFile; fileRef = 6BBCB14C153F44C9D59380D0 /* Module.swift */; };
		8480EE6EBB7FB48953C34204 /* Colors.xcassets in Resources */ = {isa = PBXBuildFile; fileRef = EFFED7B51D413C01F102289B /* Colors.xcassets */; };
		A392C22CE46D3B6227299382 /* FoundationExt in Frameworks */ = {isa = PBXBuildFile; productRef = 1D48C8F82B5B9225D302C3F1 /* FoundationExt */; };
		AC811A2836BF2F3E854AAFA6 /* SwiftUIExt in Frameworks */ = {isa = PBXBuildFile; productRef = 5C8EBB98D2C3E171FE8F8656 /* SwiftUIExt */; };
		BD1E963F176C734435B0B792 /* AppConstant.swift in Sources */ = {isa = PBXBuildFile; fileRef = 95209A91C7D12E339224D520 /* AppConstant.swift */; };
		BF4AC14DC62EC26F99E7489F /* NavigationCoordinator.swift in Sources */ = {isa = PBXBuildFile; fileRef = 241EE9CEBDC1D46918057728 /* NavigationCoordinator.swift */; };
		C4D822EB65DA0FBF1A91D71D /* Main.swift in Sources */ = {isa = PBXBuildFile; fileRef = 6D4DB3E5FFBC2663A3CA9504 /* Main.swift */; };
		E317EC216AD2C2426D5CF7C0 /* Assets.xcassets in Resources */ = {isa = PBXBuildFile; fileRef = AC922AC9C14598CDB66E5FC9 /* Assets.xcassets */; };
		F04068D5DFFFE09C3E5DC1B0 /* Networking in Frameworks */ = {isa = PBXBuildFile; productRef = EB1621DB2901343C414498B8 /* Networking */; };
		F146260126D1E384F17B16FF /* DebugPanel in Frameworks */ = {isa = PBXBuildFile; productRef = 3A63A9121AE0B361813FA871 /* DebugPanel */; };
/* End PBXBuildFile section */

/* Begin PBXFileReference section */
		0005AAD128F29F0BD93F64BC /* project.yml */ = {isa = PBXFileReference; lastKnownFileType = text.yaml; path = project.yml; sourceTree = "<group>"; };
		20A6085BD101FE341BF5224C /* Debug.xcconfig */ = {isa = PBXFileReference; lastKnownFileType = text.xcconfig; path = Debug.xcconfig; sourceTree = "<group>"; };
		241EE9CEBDC1D46918057728 /* NavigationCoordinator.swift */ = {isa = PBXFileReference; lastKnownFileType = sourcecode.swift; path = NavigationCoordinator.swift; sourceTree = "<group>"; };
		2FA7F82C635C5846A645C0A4 /* AppLoggers.swift */ = {isa = PBXFileReference; lastKnownFileType = sourcecode.swift; path = AppLoggers.swift; sourceTree = "<group>"; };
		387BF3F6093550187D64ECA1 /* CombineExt */ = {isa = PBXFileReference; lastKnownFileType = folder; name = CombineExt; path = Packages/CombineExt; sourceTree = SOURCE_ROOT; };
		4130D9D697BA4FC873B54C42 /* Invoice.app */ = {isa = PBXFileReference; explicitFileType = wrapper.application; includeInIndex = 0; path = Invoice.app; sourceTree = BUILT_PRODUCTS_DIR; };
		4B06C5D6695B6712E73A2912 /* Networking */ = {isa = PBXFileReference; lastKnownFileType = folder; name = Networking; path = Packages/Networking; sourceTree = SOURCE_ROOT; };
		4D6E0D73355FFEF34C954C90 /* DebugPanel */ = {isa = PBXFileReference; lastKnownFileType = folder; name = DebugPanel; path = Packages/DebugPanel; sourceTree = SOURCE_ROOT; };
		508AFED7408E6EFBEC48DC43 /* XCoordinator */ = {isa = PBXFileReference; lastKnownFileType = folder; name = XCoordinator; path = Packages/XCoordinator; sourceTree = SOURCE_ROOT; };
		524C8A13505423F87941B9D1 /* UIKitExt */ = {isa = PBXFileReference; lastKnownFileType = folder; name = UIKitExt; path = Packages/UIKitExt; sourceTree = SOURCE_ROOT; };
		63F1EEA2B304101425BA14D9 /* AppCoordinator.swift */ = {isa = PBXFileReference; lastKnownFileType = sourcecode.swift; path = AppCoordinator.swift; sourceTree = "<group>"; };
		67BE0F0575109F29F2EE3494 /* Project-Common.xcconfig */ = {isa = PBXFileReference; lastKnownFileType = text.xcconfig; path = "Project-Common.xcconfig"; sourceTree = "<group>"; };
		69AF2611997A925E80B465D7 /* AppEnvironment.swift */ = {isa = PBXFileReference; lastKnownFileType = sourcecode.swift; path = AppEnvironment.swift; sourceTree = "<group>"; };
		6BBCB14C153F44C9D59380D0 /* Module.swift */ = {isa = PBXFileReference; lastKnownFileType = sourcecode.swift; path = Module.swift; sourceTree = "<group>"; };
		6D4DB3E5FFBC2663A3CA9504 /* Main.swift */ = {isa = PBXFileReference; lastKnownFileType = sourcecode.swift; path = Main.swift; sourceTree = "<group>"; };
		72A74D5885390963CA0E985B /* Common.xcconfig */ = {isa = PBXFileReference; lastKnownFileType = text.xcconfig; path = Common.xcconfig; sourceTree = "<group>"; };
		777D5B062DD3C54E00AA5601 /* SplashModule.swift */ = {isa = PBXFileReference; lastKnownFileType = sourcecode.swift; path = SplashModule.swift; sourceTree = "<group>"; };
		777D5B072DD3C54E00AA5601 /* SplashRouter.swift */ = {isa = PBXFileReference; lastKnownFileType = sourcecode.swift; path = SplashRouter.swift; sourceTree = "<group>"; };
		777D5B082DD3C54E00AA5601 /* SplashView.swift */ = {isa = PBXFileReference; lastKnownFileType = sourcecode.swift; path = SplashView.swift; sourceTree = "<group>"; };
		777D5B092DD3C54E00AA5601 /* SplashViewModel.swift */ = {isa = PBXFileReference; lastKnownFileType = sourcecode.swift; path = SplashViewModel.swift; sourceTree = "<group>"; };
		777D5B0F2DD3C75100AA5601 /* OnboardingModule.swift */ = {isa = PBXFileReference; lastKnownFileType = sourcecode.swift; path = OnboardingModule.swift; sourceTree = "<group>"; };
		777D5B102DD3C75100AA5601 /* OnboardingRouter.swift */ = {isa = PBXFileReference; lastKnownFileType = sourcecode.swift; path = OnboardingRouter.swift; sourceTree = "<group>"; };
		777D5B112DD3C75100AA5601 /* OnboardingView.swift */ = {isa = PBXFileReference; lastKnownFileType = sourcecode.swift; path = OnboardingView.swift; sourceTree = "<group>"; };
		777D5B122DD3C75100AA5601 /* OnboardingViewModel.swift */ = {isa = PBXFileReference; lastKnownFileType = sourcecode.swift; path = OnboardingViewModel.swift; sourceTree = "<group>"; };
		777D5B1A2DD3C7EF00AA5601 /* XCoordinator.Animation+Extension.swift */ = {isa = PBXFileReference; lastKnownFileType = sourcecode.swift; path = "XCoordinator.Animation+Extension.swift"; sourceTree = "<group>"; };
		777D5B1C2DD3C88E00AA5601 /* PaywallModule.swift */ = {isa = PBXFileReference; lastKnownFileType = sourcecode.swift; path = PaywallModule.swift; sourceTree = "<group>"; };
		777D5B1D2DD3C88E00AA5601 /* PaywallRouter.swift */ = {isa = PBXFileReference; lastKnownFileType = sourcecode.swift; path = PaywallRouter.swift; sourceTree = "<group>"; };
		777D5B1E2DD3C88E00AA5601 /* PaywallView.swift */ = {isa = PBXFileReference; lastKnownFileType = sourcecode.swift; path = PaywallView.swift; sourceTree = "<group>"; };
		777D5B1F2DD3C88E00AA5601 /* PaywallViewModel.swift */ = {isa = PBXFileReference; lastKnownFileType = sourcecode.swift; path = PaywallViewModel.swift; sourceTree = "<group>"; };
		777D5B252DD3C94900AA5601 /* XCoordinator.Transition+Extension.swift */ = {isa = PBXFileReference; lastKnownFileType = sourcecode.swift; path = "XCoordinator.Transition+Extension.swift"; sourceTree = "<group>"; };
		777D5B272DD3CADF00AA5601 /* MainModule.swift */ = {isa = PBXFileReference; lastKnownFileType = sourcecode.swift; path = MainModule.swift; sourceTree = "<group>"; };
		777D5B282DD3CADF00AA5601 /* MainRouter.swift */ = {isa = PBXFileReference; lastKnownFileType = sourcecode.swift; path = MainRouter.swift; sourceTree = "<group>"; };
		777D5B292DD3CADF00AA5601 /* MainView.swift */ = {isa = PBXFileReference; lastKnownFileType = sourcecode.swift; path = MainView.swift; sourceTree = "<group>"; };
		777D5B2A2DD3CADF00AA5601 /* MainViewModel.swift */ = {isa = PBXFileReference; lastKnownFileType = sourcecode.swift; path = MainViewModel.swift; sourceTree = "<group>"; };
		836864063D998F33F0165FCF /* Project-Debug.xcconfig */ = {isa = PBXFileReference; lastKnownFileType = text.xcconfig; path = "Project-Debug.xcconfig"; sourceTree = "<group>"; };
		847F06E957177867D9DC607D /* Info.plist */ = {isa = PBXFileReference; lastKnownFileType = text.plist; path = Info.plist; sourceTree = "<group>"; };
		8C150A04E9550FB5AC4C5DF0 /* .swiftlint.yml */ = {isa = PBXFileReference; lastKnownFileType = text.yaml; path = .swiftlint.yml; sourceTree = "<group>"; };
		93AB1507E83691FA985ED312 /* AppInfoProvider.swift */ = {isa = PBXFileReference; lastKnownFileType = sourcecode.swift; path = AppInfoProvider.swift; sourceTree = "<group>"; };
		95209A91C7D12E339224D520 /* AppConstant.swift */ = {isa = PBXFileReference; lastKnownFileType = sourcecode.swift; path = AppConstant.swift; sourceTree = "<group>"; };
		9CAB2C79E5176A67235D0315 /* Invoice.entitlements */ = {isa = PBXFileReference; lastKnownFileType = text.plist.entitlements; path = Invoice.entitlements; sourceTree = "<group>"; };
		AB1A39064CD583DE5685D56E /* Version.xcconfig */ = {isa = PBXFileReference; lastKnownFileType = text.xcconfig; path = Version.xcconfig; sourceTree = "<group>"; };
		AC922AC9C14598CDB66E5FC9 /* Assets.xcassets */ = {isa = PBXFileReference; lastKnownFileType = folder.assetcatalog; path = Assets.xcassets; sourceTree = "<group>"; };
		AD332BDCF593EAE05FF2A329 /* FoundationExt */ = {isa = PBXFileReference; lastKnownFileType = folder; name = FoundationExt; path = Packages/FoundationExt; sourceTree = SOURCE_ROOT; };
		B6E9F478FF0CE3A1324D471B /* Base */ = {isa = PBXFileReference; lastKnownFileType = file.storyboard; name = Base; path = Base.lproj/LaunchScreen.storyboard; sourceTree = "<group>"; };
		B93DCDD5D0890D355DB28658 /* Release.xcconfig */ = {isa = PBXFileReference; lastKnownFileType = text.xcconfig; path = Release.xcconfig; sourceTree = "<group>"; };
		DAFC5B0409FF3EED006F47C5 /* SwiftUIExt */ = {isa = PBXFileReference; lastKnownFileType = folder; name = SwiftUIExt; path = Packages/SwiftUIExt; sourceTree = SOURCE_ROOT; };
		E2AFD11699E207E0F084EF1C /* EventKit */ = {isa = PBXFileReference; lastKnownFileType = folder; name = EventKit; path = Packages/EventKit; sourceTree = SOURCE_ROOT; };
		E72669FB97E6F973086926C4 /* AppDelegateEvent.swift */ = {isa = PBXFileReference; lastKnownFileType = sourcecode.swift; path = AppDelegateEvent.swift; sourceTree = "<group>"; };
		EFFED7B51D413C01F102289B /* Colors.xcassets */ = {isa = PBXFileReference; lastKnownFileType = folder.assetcatalog; path = Colors.xcassets; sourceTree = "<group>"; };
		F3991882C07E71A94FB52372 /* Project-Release.xcconfig */ = {isa = PBXFileReference; lastKnownFileType = text.xcconfig; path = "Project-Release.xcconfig"; sourceTree = "<group>"; };
		F3D79B63D9F30195647A1ACE /* AppWindow.swift */ = {isa = PBXFileReference; lastKnownFileType = sourcecode.swift; path = AppWindow.swift; sourceTree = "<group>"; };
		FB6B4786525FF893566316C4 /* AppDelegate.swift */ = {isa = PBXFileReference; lastKnownFileType = sourcecode.swift; path = AppDelegate.swift; sourceTree = "<group>"; };
/* End PBXFileReference section */

/* Begin PBXFrameworksBuildPhase section */
		19F56D5DE977CC04E83FCF94 /* Frameworks */ = {
			isa = PBXFrameworksBuildPhase;
			buildActionMask = 2147483647;
			files = (
				6CF0277D626FCF0BF1BAFD41 /* XCoordinator in Frameworks */,
				F146260126D1E384F17B16FF /* DebugPanel in Frameworks */,
				2083CAA8051C94F016AB826C /* Depin in Frameworks */,
				6189F13F5EFF3D063AB3599D /* EventKit in Frameworks */,
				F04068D5DFFFE09C3E5DC1B0 /* Networking in Frameworks */,
				A392C22CE46D3B6227299382 /* FoundationExt in Frameworks */,
				0098D3411B146017F62A8584 /* CombineExt in Frameworks */,
				AC811A2836BF2F3E854AAFA6 /* SwiftUIExt in Frameworks */,
				5E45E17FFD4FCB64017871D4 /* UIKitExt in Frameworks */,
			);
			runOnlyForDeploymentPostprocessing = 0;
		};
/* End PBXFrameworksBuildPhase section */

/* Begin PBXGroup section */
		00229E0A6AE02E955C2DC607 /* Invoice */ = {
			isa = PBXGroup;
			children = (
				9CAB2C79E5176A67235D0315 /* Invoice.entitlements */,
				1DF1C1291B8393519CDF42D4 /* Resources */,
				34CA82C84C091764AA6B308A /* Sources */,
			);
			path = Invoice;
			sourceTree = "<group>";
		};
		0544B0891B5A2367918C10CE = {
			isa = PBXGroup;
			children = (
				8C150A04E9550FB5AC4C5DF0 /* .swiftlint.yml */,
				0005AAD128F29F0BD93F64BC /* project.yml */,
				CEC1340343BBFC2BF6E67905 /* Configs */,
				00229E0A6AE02E955C2DC607 /* Invoice */,
				25378D591BC5C0BF7184CE33 /* Packages */,
				FC3A2B395DF1B1D7CBD02715 /* Products */,
			);
			sourceTree = "<group>";
		};
		1DF1C1291B8393519CDF42D4 /* Resources */ = {
			isa = PBXGroup;
			children = (
				AC922AC9C14598CDB66E5FC9 /* Assets.xcassets */,
				EFFED7B51D413C01F102289B /* Colors.xcassets */,
				847F06E957177867D9DC607D /* Info.plist */,
				AC072E63425E8C3ADF7A29B3 /* LaunchScreen.storyboard */,
			);
			path = Resources;
			sourceTree = "<group>";
		};
		25378D591BC5C0BF7184CE33 /* Packages */ = {
			isa = PBXGroup;
			children = (
				387BF3F6093550187D64ECA1 /* CombineExt */,
				4D6E0D73355FFEF34C954C90 /* DebugPanel */,
				E2AFD11699E207E0F084EF1C /* EventKit */,
				AD332BDCF593EAE05FF2A329 /* FoundationExt */,
				4B06C5D6695B6712E73A2912 /* Networking */,
				DAFC5B0409FF3EED006F47C5 /* SwiftUIExt */,
				524C8A13505423F87941B9D1 /* UIKitExt */,
				508AFED7408E6EFBEC48DC43 /* XCoordinator */,
			);
			path = Packages;
			sourceTree = "<group>";
		};
		34CA82C84C091764AA6B308A /* Sources */ = {
			isa = PBXGroup;
			children = (
				777D5B182DD3C7D400AA5601 /* Extensions */,
				7716AFA02DD3C5000030DDAF /* Modules */,
				9B9707E4421C7745F8F81E4D /* App */,
				3F70388B8EB295F0AE860C9E /* Core */,
			);
			path = Sources;
			sourceTree = "<group>";
		};
		3F70388B8EB295F0AE860C9E /* Core */ = {
			isa = PBXGroup;
			children = (
				6BBCB14C153F44C9D59380D0 /* Module.swift */,
			);
			path = Core;
			sourceTree = "<group>";
		};
		7716AFA02DD3C5000030DDAF /* Modules */ = {
			isa = PBXGroup;
			children = (
				777D5B0A2DD3C54E00AA5601 /* Splash */,
				777D5B132DD3C75100AA5601 /* Onboarding */,
				777D5B202DD3C88E00AA5601 /* Paywall */,
				777D5B2B2DD3CADF00AA5601 /* Main */,
			);
			path = Modules;
			sourceTree = "<group>";
		};
		777D5B0A2DD3C54E00AA5601 /* Splash */ = {
			isa = PBXGroup;
			children = (
				777D5B062DD3C54E00AA5601 /* SplashModule.swift */,
				777D5B072DD3C54E00AA5601 /* SplashRouter.swift */,
				777D5B082DD3C54E00AA5601 /* SplashView.swift */,
				777D5B092DD3C54E00AA5601 /* SplashViewModel.swift */,
			);
			path = Splash;
			sourceTree = "<group>";
		};
		777D5B132DD3C75100AA5601 /* Onboarding */ = {
			isa = PBXGroup;
			children = (
				777D5B0F2DD3C75100AA5601 /* OnboardingModule.swift */,
				777D5B102DD3C75100AA5601 /* OnboardingRouter.swift */,
				777D5B112DD3C75100AA5601 /* OnboardingView.swift */,
				777D5B122DD3C75100AA5601 /* OnboardingViewModel.swift */,
			);
			path = Onboarding;
			sourceTree = "<group>";
		};
		777D5B182DD3C7D400AA5601 /* Extensions */ = {
			isa = PBXGroup;
			children = (
				777D5B192DD3C7E700AA5601 /* XCoordinator */,
			);
			path = Extensions;
			sourceTree = "<group>";
		};
		777D5B192DD3C7E700AA5601 /* XCoordinator */ = {
			isa = PBXGroup;
			children = (
				777D5B1A2DD3C7EF00AA5601 /* XCoordinator.Animation+Extension.swift */,
				777D5B252DD3C94900AA5601 /* XCoordinator.Transition+Extension.swift */,
			);
			path = XCoordinator;
			sourceTree = "<group>";
		};
		777D5B202DD3C88E00AA5601 /* Paywall */ = {
			isa = PBXGroup;
			children = (
				777D5B1C2DD3C88E00AA5601 /* PaywallModule.swift */,
				777D5B1D2DD3C88E00AA5601 /* PaywallRouter.swift */,
				777D5B1E2DD3C88E00AA5601 /* PaywallView.swift */,
				777D5B1F2DD3C88E00AA5601 /* PaywallViewModel.swift */,
			);
			path = Paywall;
			sourceTree = "<group>";
		};
		777D5B2B2DD3CADF00AA5601 /* Main */ = {
			isa = PBXGroup;
			children = (
				777D5B272DD3CADF00AA5601 /* MainModule.swift */,
				777D5B282DD3CADF00AA5601 /* MainRouter.swift */,
				777D5B292DD3CADF00AA5601 /* MainView.swift */,
				777D5B2A2DD3CADF00AA5601 /* MainViewModel.swift */,
			);
			path = Main;
			sourceTree = "<group>";
		};
		9B9707E4421C7745F8F81E4D /* App */ = {
			isa = PBXGroup;
			children = (
				95209A91C7D12E339224D520 /* AppConstant.swift */,
				63F1EEA2B304101425BA14D9 /* AppCoordinator.swift */,
				FB6B4786525FF893566316C4 /* AppDelegate.swift */,
				E72669FB97E6F973086926C4 /* AppDelegateEvent.swift */,
				69AF2611997A925E80B465D7 /* AppEnvironment.swift */,
				93AB1507E83691FA985ED312 /* AppInfoProvider.swift */,
				2FA7F82C635C5846A645C0A4 /* AppLoggers.swift */,
				F3D79B63D9F30195647A1ACE /* AppWindow.swift */,
				6D4DB3E5FFBC2663A3CA9504 /* Main.swift */,
				241EE9CEBDC1D46918057728 /* NavigationCoordinator.swift */,
			);
			path = App;
			sourceTree = "<group>";
		};
		CEC1340343BBFC2BF6E67905 /* Configs */ = {
			isa = PBXGroup;
			children = (
				67BE0F0575109F29F2EE3494 /* Project-Common.xcconfig */,
				836864063D998F33F0165FCF /* Project-Debug.xcconfig */,
				F3991882C07E71A94FB52372 /* Project-Release.xcconfig */,
				D2DA236A0ECEC683DD480E44 /* Invoice */,
			);
			path = Configs;
			sourceTree = "<group>";
		};
		D2DA236A0ECEC683DD480E44 /* Invoice */ = {
			isa = PBXGroup;
			children = (
				72A74D5885390963CA0E985B /* Common.xcconfig */,
				20A6085BD101FE341BF5224C /* Debug.xcconfig */,
				B93DCDD5D0890D355DB28658 /* Release.xcconfig */,
				AB1A39064CD583DE5685D56E /* Version.xcconfig */,
			);
			path = Invoice;
			sourceTree = "<group>";
		};
		FC3A2B395DF1B1D7CBD02715 /* Products */ = {
			isa = PBXGroup;
			children = (
				4130D9D697BA4FC873B54C42 /* Invoice.app */,
			);
			name = Products;
			sourceTree = "<group>";
		};
/* End PBXGroup section */

/* Begin PBXNativeTarget section */
		88B61FE0F4256B74489A076C /* Invoice */ = {
			isa = PBXNativeTarget;
			buildConfigurationList = F1AF7B764FF4BBB47319D361 /* Build configuration list for PBXNativeTarget "Invoice" */;
			buildPhases = (
				1C9C46ADE8EB1A069CD526CC /* Sources */,
				ED6827F5B47F0971B219427B /* Swiftlint */,
				389FCD4A20148880E84DBB63 /* Resources */,
				19F56D5DE977CC04E83FCF94 /* Frameworks */,
			);
			buildRules = (
			);
			dependencies = (
			);
			name = Invoice;
			packageProductDependencies = (
				F8B7E5A90C1147E614001C75 /* XCoordinator */,
				3A63A9121AE0B361813FA871 /* DebugPanel */,
				49048122C75831C0293B3F9E /* Depin */,
				0212004481977D3B2767FDA7 /* EventKit */,
				EB1621DB2901343C414498B8 /* Networking */,
				1D48C8F82B5B9225D302C3F1 /* FoundationExt */,
				A747BB74A451470813FC1DFF /* CombineExt */,
				5C8EBB98D2C3E171FE8F8656 /* SwiftUIExt */,
				D55FA9E07D4735F6BC691863 /* UIKitExt */,
			);
			productName = Invoice;
			productReference = 4130D9D697BA4FC873B54C42 /* Invoice.app */;
			productType = "com.apple.product-type.application";
		};
/* End PBXNativeTarget section */

/* Begin PBXProject section */
		8E4ADAECEF807BD5C558C500 /* Project object */ = {
			isa = PBXProject;
			attributes = {
				BuildIndependentTargetsInParallel = YES;
				LastUpgradeCheck = 1430;
				TargetAttributes = {
					88B61FE0F4256B74489A076C = {
						ProvisioningStyle = Automatic;
					};
				};
			};
			buildConfigurationList = ED7465790BAD5E197FF85710 /* Build configuration list for PBXProject "Invoice" */;
			compatibilityVersion = "Xcode 14.0";
			developmentRegion = en;
			hasScannedForEncodings = 0;
			knownRegions = (
				Base,
				en,
			);
			mainGroup = 0544B0891B5A2367918C10CE;
			packageReferences = (
				33ECCC7529BBAD72A3AA6B94 /* XCRemoteSwiftPackageReference "Depin" */,
			);
			projectDirPath = "";
			projectRoot = "";
			targets = (
				88B61FE0F4256B74489A076C /* Invoice */,
			);
		};
/* End PBXProject section */

/* Begin PBXResourcesBuildPhase section */
		389FCD4A20148880E84DBB63 /* Resources */ = {
			isa = PBXResourcesBuildPhase;
			buildActionMask = 2147483647;
			files = (
				E317EC216AD2C2426D5CF7C0 /* Assets.xcassets in Resources */,
				8480EE6EBB7FB48953C34204 /* Colors.xcassets in Resources */,
				5FCC1A18A151DCB95E76226D /* LaunchScreen.storyboard in Resources */,
			);
			runOnlyForDeploymentPostprocessing = 0;
		};
/* End PBXResourcesBuildPhase section */

/* Begin PBXShellScriptBuildPhase section */
		ED6827F5B47F0971B219427B /* Swiftlint */ = {
			isa = PBXShellScriptBuildPhase;
			alwaysOutOfDate = 1;
			buildActionMask = 2147483647;
			files = (
			);
			inputFileListPaths = (
			);
			inputPaths = (
			);
			name = Swiftlint;
			outputFileListPaths = (
			);
			outputPaths = (
			);
			runOnlyForDeploymentPostprocessing = 0;
			shellPath = /bin/sh;
			shellScript = "# Type a script or drag a script file from your workspace to insert its path.\nexport PATH=\"$PATH:/opt/homebrew/bin\"\nif which swiftlint > /dev/null; then\n    swiftlint\nelse\n    echo \"warning: SwiftLint not installed, download from https://github.com/realm/SwiftLint\"\nfi\n";
		};
/* End PBXShellScriptBuildPhase section */

/* Begin PBXSourcesBuildPhase section */
		1C9C46ADE8EB1A069CD526CC /* Sources */ = {
			isa = PBXSourcesBuildPhase;
			buildActionMask = 2147483647;
			files = (
				777D5B262DD3C94900AA5601 /* XCoordinator.Transition+Extension.swift in Sources */,
				BD1E963F176C734435B0B792 /* AppConstant.swift in Sources */,
				4A6E33C20967C64C2073F7C5 /* AppCoordinator.swift in Sources */,
				2CFF6BA7D248D900FB21C0B2 /* AppDelegate.swift in Sources */,
				777D5B0B2DD3C54E00AA5601 /* SplashRouter.swift in Sources */,
				777D5B0C2DD3C54E00AA5601 /* SplashViewModel.swift in Sources */,
				777D5B0D2DD3C54E00AA5601 /* SplashModule.swift in Sources */,
				777D5B0E2DD3C54E00AA5601 /* SplashView.swift in Sources */,
				777D5B1B2DD3C7EF00AA5601 /* XCoordinator.Animation+Extension.swift in Sources */,
				0FE5F2B45D8D413CAEBC6B4E /* AppDelegateEvent.swift in Sources */,
				777D5B212DD3C88E00AA5601 /* PaywallModule.swift in Sources */,
				777D5B2C2DD3CADF00AA5601 /* MainViewModel.swift in Sources */,
				777D5B2D2DD3CADF00AA5601 /* MainRouter.swift in Sources */,
				777D5B2E2DD3CADF00AA5601 /* MainView.swift in Sources */,
				777D5B2F2DD3CADF00AA5601 /* MainModule.swift in Sources */,
				777D5B222DD3C88E00AA5601 /* PaywallView.swift in Sources */,
				777D5B232DD3C88E00AA5601 /* PaywallViewModel.swift in Sources */,
				777D5B242DD3C88E00AA5601 /* PaywallRouter.swift in Sources */,
				6598B01F923C944FB4F69F30 /* AppEnvironment.swift in Sources */,
				457D4557D395AA07E5F49F85 /* AppInfoProvider.swift in Sources */,
				44169CAFDF87E7A69B7974AD /* AppLoggers.swift in Sources */,
				658C17D6882163A011326DCF /* AppWindow.swift in Sources */,
				C4D822EB65DA0FBF1A91D71D /* Main.swift in Sources */,
				79F906549F1FD8FAE293DAED /* Module.swift in Sources */,
				BF4AC14DC62EC26F99E7489F /* NavigationCoordinator.swift in Sources */,
				777D5B142DD3C75100AA5601 /* OnboardingView.swift in Sources */,
				777D5B152DD3C75100AA5601 /* OnboardingRouter.swift in Sources */,
				777D5B162DD3C75100AA5601 /* OnboardingModule.swift in Sources */,
				777D5B172DD3C75100AA5601 /* OnboardingViewModel.swift in Sources */,
			);
			runOnlyForDeploymentPostprocessing = 0;
		};
/* End PBXSourcesBuildPhase section */

/* Begin PBXVariantGroup section */
		AC072E63425E8C3ADF7A29B3 /* LaunchScreen.storyboard */ = {
			isa = PBXVariantGroup;
			children = (
				B6E9F478FF0CE3A1324D471B /* Base */,
			);
			name = LaunchScreen.storyboard;
			sourceTree = "<group>";
		};
/* End PBXVariantGroup section */

/* Begin XCBuildConfiguration section */
		4D291A471CD7EE0591EBBC71 /* Debug */ = {
			isa = XCBuildConfiguration;
			baseConfigurationReference = 836864063D998F33F0165FCF /* Project-Debug.xcconfig */;
			buildSettings = {
				CLANG_ANALYZER_LOCALIZABILITY_NONLOCALIZED = NO;
				CLANG_CXX_LIBRARY = "libc++";
				DEBUG_INFORMATION_FORMAT = dwarf;
				IPHONEOS_DEPLOYMENT_TARGET = 16.0;
				PRODUCT_NAME = "$(TARGET_NAME)";
				SWIFT_VERSION = 5.0;
			};
			name = Debug;
		};
		53531BDCD6427ECC68C1670D /* Release */ = {
			isa = XCBuildConfiguration;
			baseConfigurationReference = B93DCDD5D0890D355DB28658 /* Release.xcconfig */;
			buildSettings = {
				INFOPLIST_FILE = Invoice/Resources/Info.plist;
			};
			name = Release;
		};
		888D2C2338F7B4A545289D55 /* Debug */ = {
			isa = XCBuildConfiguration;
			baseConfigurationReference = 20A6085BD101FE341BF5224C /* Debug.xcconfig */;
			buildSettings = {
				INFOPLIST_FILE = Invoice/Resources/Info.plist;
			};
			name = Debug;
		};
		992B9E0701DF3722B6583F85 /* Release */ = {
			isa = XCBuildConfiguration;
			baseConfigurationReference = F3991882C07E71A94FB52372 /* Project-Release.xcconfig */;
			buildSettings = {
				CLANG_ANALYZER_LOCALIZABILITY_NONLOCALIZED = NO;
				CLANG_CXX_LIBRARY = "libc++";
				DEBUG_INFORMATION_FORMAT = "dwarf-with-dsym";
				IPHONEOS_DEPLOYMENT_TARGET = 16.0;
				PRODUCT_NAME = "$(TARGET_NAME)";
				SWIFT_OPTIMIZATION_LEVEL = "-O";
				SWIFT_VERSION = 5.0;
			};
			name = Release;
		};
/* End XCBuildConfiguration section */

/* Begin XCConfigurationList section */
		ED7465790BAD5E197FF85710 /* Build configuration list for PBXProject "Invoice" */ = {
			isa = XCConfigurationList;
			buildConfigurations = (
				4D291A471CD7EE0591EBBC71 /* Debug */,
				992B9E0701DF3722B6583F85 /* Release */,
			);
			defaultConfigurationIsVisible = 0;
			defaultConfigurationName = Debug;
		};
		F1AF7B764FF4BBB47319D361 /* Build configuration list for PBXNativeTarget "Invoice" */ = {
			isa = XCConfigurationList;
			buildConfigurations = (
				888D2C2338F7B4A545289D55 /* Debug */,
				53531BDCD6427ECC68C1670D /* Release */,
			);
			defaultConfigurationIsVisible = 0;
			defaultConfigurationName = Debug;
		};
/* End XCConfigurationList section */

/* Begin XCRemoteSwiftPackageReference section */
		33ECCC7529BBAD72A3AA6B94 /* XCRemoteSwiftPackageReference "Depin" */ = {
			isa = XCRemoteSwiftPackageReference;
			repositoryURL = "https://github.com/KOMA-Inc/Depin";
			requirement = {
				kind = upToNextMajorVersion;
				minimumVersion = 3.1.0;
			};
		};
/* End XCRemoteSwiftPackageReference section */

/* Begin XCSwiftPackageProductDependency section */
		0212004481977D3B2767FDA7 /* EventKit */ = {
			isa = XCSwiftPackageProductDependency;
			productName = EventKit;
		};
		1D48C8F82B5B9225D302C3F1 /* FoundationExt */ = {
			isa = XCSwiftPackageProductDependency;
			productName = FoundationExt;
		};
		3A63A9121AE0B361813FA871 /* DebugPanel */ = {
			isa = XCSwiftPackageProductDependency;
			productName = DebugPanel;
		};
		49048122C75831C0293B3F9E /* Depin */ = {
			isa = XCSwiftPackageProductDependency;
			package = 33ECCC7529BBAD72A3AA6B94 /* XCRemoteSwiftPackageReference "Depin" */;
			productName = Depin;
		};
		5C8EBB98D2C3E171FE8F8656 /* SwiftUIExt */ = {
			isa = XCSwiftPackageProductDependency;
			productName = SwiftUIExt;
		};
		A747BB74A451470813FC1DFF /* CombineExt */ = {
			isa = XCSwiftPackageProductDependency;
			productName = CombineExt;
		};
		D55FA9E07D4735F6BC691863 /* UIKitExt */ = {
			isa = XCSwiftPackageProductDependency;
			productName = UIKitExt;
		};
		EB1621DB2901343C414498B8 /* Networking */ = {
			isa = XCSwiftPackageProductDependency;
			productName = Networking;
		};
		F8B7E5A90C1147E614001C75 /* XCoordinator */ = {
			isa = XCSwiftPackageProductDependency;
			productName = XCoordinator;
		};
/* End XCSwiftPackageProductDependency section */
	};
	rootObject = 8E4ADAECEF807BD5C558C500 /* Project object */;
}
